// !$*UTF8*$!
{
	archiveVersion = 1;
	classes = {
	};
	objectVersion = 46;
	objects = {

/* Begin PBXBuildFile section */
		A026BC5C1B53CB5A000364F3 /* SkylineProblemTests.m in Sources */ = {isa = PBXBuildFile; fileRef = A026BC5B1B53CB5A000364F3 /* SkylineProblemTests.m */; };
		A026BC5F1B53CB92000364F3 /* Building.m in Sources */ = {isa = PBXBuildFile; fileRef = A026BC5E1B53CB92000364F3 /* Building.m */; };
		A026BC621B53CC2D000364F3 /* SkylinePoint.m in Sources */ = {isa = PBXBuildFile; fileRef = A026BC611B53CC2D000364F3 /* SkylinePoint.m */; };
		A026BC651B53CCC8000364F3 /* Skyline.m in Sources */ = {isa = PBXBuildFile; fileRef = A026BC641B53CCC8000364F3 /* Skyline.m */; };
		A026BC661B54282E000364F3 /* Building.m in Sources */ = {isa = PBXBuildFile; fileRef = A026BC5E1B53CB92000364F3 /* Building.m */; };
		A026BC671B542830000364F3 /* SkylinePoint.m in Sources */ = {isa = PBXBuildFile; fileRef = A026BC611B53CC2D000364F3 /* SkylinePoint.m */; };
		A026BC681B542832000364F3 /* Skyline.m in Sources */ = {isa = PBXBuildFile; fileRef = A026BC641B53CCC8000364F3 /* Skyline.m */; };
		A0A345881B4FD42B006F2929 /* MathAlgorithms.m in Sources */ = {isa = PBXBuildFile; fileRef = A0A345871B4FD42B006F2929 /* MathAlgorithms.m */; };
		A0A3458A1B4FD510006F2929 /* MathAlgorithmsTests.m in Sources */ = {isa = PBXBuildFile; fileRef = A0A345891B4FD510006F2929 /* MathAlgorithmsTests.m */; };
		A0A3458B1B4FD519006F2929 /* MathAlgorithms.m in Sources */ = {isa = PBXBuildFile; fileRef = A0A345871B4FD42B006F2929 /* MathAlgorithms.m */; };
		A0DAA3991B4D758700CA748C /* main.m in Sources */ = {isa = PBXBuildFile; fileRef = A0DAA3981B4D758700CA748C /* main.m */; };
		A0DAA3A11B4D75BD00CA748C /* NSMutableArray+SelectionSort.m in Sources */ = {isa = PBXBuildFile; fileRef = A0DAA3A01B4D75BD00CA748C /* NSMutableArray+SelectionSort.m */; };
		A0DAA3AB1B4D77EE00CA748C /* SortAlgorithmsTests.m in Sources */ = {isa = PBXBuildFile; fileRef = A0DAA3AA1B4D77EE00CA748C /* SortAlgorithmsTests.m */; };
		A0DAA3B21B4D7AB600CA748C /* NSMutableArray+BubbleSort.m in Sources */ = {isa = PBXBuildFile; fileRef = A0DAA3B11B4D7AB600CA748C /* NSMutableArray+BubbleSort.m */; };
		A0DAA3B61B4D7AF300CA748C /* NSMutableArray+InsertionSort.m in Sources */ = {isa = PBXBuildFile; fileRef = A0DAA3B51B4D7AF300CA748C /* NSMutableArray+InsertionSort.m */; };
		A0DAA3B91B4D7B2C00CA748C /* NSMutableArray+MergeSort.m in Sources */ = {isa = PBXBuildFile; fileRef = A0DAA3B81B4D7B2C00CA748C /* NSMutableArray+MergeSort.m */; };
		A0DAA3BC1B4D7C3000CA748C /* NSMutableArray+Swap.m in Sources */ = {isa = PBXBuildFile; fileRef = A0DAA3BB1B4D7C3000CA748C /* NSMutableArray+Swap.m */; };
		A0DAA3C01B4D7C6200CA748C /* NSMutableArray+BubbleSort.m in Sources */ = {isa = PBXBuildFile; fileRef = A0DAA3B11B4D7AB600CA748C /* NSMutableArray+BubbleSort.m */; };
		A0DAA3C11B4D7C6200CA748C /* NSMutableArray+InsertionSort.m in Sources */ = {isa = PBXBuildFile; fileRef = A0DAA3B51B4D7AF300CA748C /* NSMutableArray+InsertionSort.m */; };
		A0DAA3C21B4D7C6200CA748C /* NSMutableArray+MergeSort.m in Sources */ = {isa = PBXBuildFile; fileRef = A0DAA3B81B4D7B2C00CA748C /* NSMutableArray+MergeSort.m */; };
		A0DAA3C31B4D7C6200CA748C /* NSMutableArray+SelectionSort.m in Sources */ = {isa = PBXBuildFile; fileRef = A0DAA3A01B4D75BD00CA748C /* NSMutableArray+SelectionSort.m */; };
		A0DAA3C41B4D7C6500CA748C /* NSMutableArray+Swap.m in Sources */ = {isa = PBXBuildFile; fileRef = A0DAA3BB1B4D7C3000CA748C /* NSMutableArray+Swap.m */; };
/* End PBXBuildFile section */

/* Begin PBXCopyFilesBuildPhase section */
		A0DAA3931B4D758700CA748C /* CopyFiles */ = {
			isa = PBXCopyFilesBuildPhase;
			buildActionMask = 2147483647;
			dstPath = /usr/share/man/man1/;
			dstSubfolderSpec = 0;
			files = (
			);
			runOnlyForDeploymentPostprocessing = 1;
		};
/* End PBXCopyFilesBuildPhase section */

/* Begin PBXFileReference section */
		A026BC5B1B53CB5A000364F3 /* SkylineProblemTests.m */ = {isa = PBXFileReference; fileEncoding = 4; lastKnownFileType = sourcecode.c.objc; path = SkylineProblemTests.m; sourceTree = "<group>"; };
		A026BC5D1B53CB92000364F3 /* Building.h */ = {isa = PBXFileReference; fileEncoding = 4; lastKnownFileType = sourcecode.c.h; path = Building.h; sourceTree = "<group>"; };
		A026BC5E1B53CB92000364F3 /* Building.m */ = {isa = PBXFileReference; fileEncoding = 4; lastKnownFileType = sourcecode.c.objc; path = Building.m; sourceTree = "<group>"; };
		A026BC601B53CC2D000364F3 /* SkylinePoint.h */ = {isa = PBXFileReference; fileEncoding = 4; lastKnownFileType = sourcecode.c.h; path = SkylinePoint.h; sourceTree = "<group>"; };
		A026BC611B53CC2D000364F3 /* SkylinePoint.m */ = {isa = PBXFileReference; fileEncoding = 4; lastKnownFileType = sourcecode.c.objc; path = SkylinePoint.m; sourceTree = "<group>"; };
		A026BC631B53CCC8000364F3 /* Skyline.h */ = {isa = PBXFileReference; fileEncoding = 4; lastKnownFileType = sourcecode.c.h; path = Skyline.h; sourceTree = "<group>"; };
		A026BC641B53CCC8000364F3 /* Skyline.m */ = {isa = PBXFileReference; fileEncoding = 4; lastKnownFileType = sourcecode.c.objc; path = Skyline.m; sourceTree = "<group>"; };
		A0A345861B4FD42B006F2929 /* MathAlgorithms.h */ = {isa = PBXFileReference; fileEncoding = 4; lastKnownFileType = sourcecode.c.h; path = MathAlgorithms.h; sourceTree = "<group>"; };
		A0A345871B4FD42B006F2929 /* MathAlgorithms.m */ = {isa = PBXFileReference; fileEncoding = 4; lastKnownFileType = sourcecode.c.objc; path = MathAlgorithms.m; sourceTree = "<group>"; };
		A0A345891B4FD510006F2929 /* MathAlgorithmsTests.m */ = {isa = PBXFileReference; fileEncoding = 4; lastKnownFileType = sourcecode.c.objc; path = MathAlgorithmsTests.m; sourceTree = "<group>"; };
		A0DAA3951B4D758700CA748C /* Algorithms */ = {isa = PBXFileReference; explicitFileType = "compiled.mach-o.executable"; includeInIndex = 0; path = Algorithms; sourceTree = BUILT_PRODUCTS_DIR; };
		A0DAA3981B4D758700CA748C /* main.m */ = {isa = PBXFileReference; lastKnownFileType = sourcecode.c.objc; path = main.m; sourceTree = "<group>"; };
		A0DAA39F1B4D75BD00CA748C /* NSMutableArray+SelectionSort.h */ = {isa = PBXFileReference; fileEncoding = 4; lastKnownFileType = sourcecode.c.h; path = "NSMutableArray+SelectionSort.h"; sourceTree = "<group>"; };
		A0DAA3A01B4D75BD00CA748C /* NSMutableArray+SelectionSort.m */ = {isa = PBXFileReference; fileEncoding = 4; lastKnownFileType = sourcecode.c.objc; path = "NSMutableArray+SelectionSort.m"; sourceTree = "<group>"; };
		A0DAA3A61B4D77EE00CA748C /* AlgorithmsTests.xctest */ = {isa = PBXFileReference; explicitFileType = wrapper.cfbundle; includeInIndex = 0; path = AlgorithmsTests.xctest; sourceTree = BUILT_PRODUCTS_DIR; };
		A0DAA3A91B4D77EE00CA748C /* Info.plist */ = {isa = PBXFileReference; lastKnownFileType = text.plist.xml; path = Info.plist; sourceTree = "<group>"; };
		A0DAA3AA1B4D77EE00CA748C /* SortAlgorithmsTests.m */ = {isa = PBXFileReference; lastKnownFileType = sourcecode.c.objc; path = SortAlgorithmsTests.m; sourceTree = "<group>"; };
		A0DAA3B01B4D7AB600CA748C /* NSMutableArray+BubbleSort.h */ = {isa = PBXFileReference; fileEncoding = 4; lastKnownFileType = sourcecode.c.h; path = "NSMutableArray+BubbleSort.h"; sourceTree = "<group>"; };
		A0DAA3B11B4D7AB600CA748C /* NSMutableArray+BubbleSort.m */ = {isa = PBXFileReference; fileEncoding = 4; lastKnownFileType = sourcecode.c.objc; path = "NSMutableArray+BubbleSort.m"; sourceTree = "<group>"; };
		A0DAA3B41B4D7AF300CA748C /* NSMutableArray+InsertionSort.h */ = {isa = PBXFileReference; fileEncoding = 4; lastKnownFileType = sourcecode.c.h; path = "NSMutableArray+InsertionSort.h"; sourceTree = "<group>"; };
		A0DAA3B51B4D7AF300CA748C /* NSMutableArray+InsertionSort.m */ = {isa = PBXFileReference; fileEncoding = 4; lastKnownFileType = sourcecode.c.objc; path = "NSMutableArray+InsertionSort.m"; sourceTree = "<group>"; };
		A0DAA3B71B4D7B2C00CA748C /* NSMutableArray+MergeSort.h */ = {isa = PBXFileReference; fileEncoding = 4; lastKnownFileType = sourcecode.c.h; path = "NSMutableArray+MergeSort.h"; sourceTree = "<group>"; };
		A0DAA3B81B4D7B2C00CA748C /* NSMutableArray+MergeSort.m */ = {isa = PBXFileReference; fileEncoding = 4; lastKnownFileType = sourcecode.c.objc; path = "NSMutableArray+MergeSort.m"; sourceTree = "<group>"; };
		A0DAA3BA1B4D7C3000CA748C /* NSMutableArray+Swap.h */ = {isa = PBXFileReference; fileEncoding = 4; lastKnownFileType = sourcecode.c.h; path = "NSMutableArray+Swap.h"; sourceTree = "<group>"; };
		A0DAA3BB1B4D7C3000CA748C /* NSMutableArray+Swap.m */ = {isa = PBXFileReference; fileEncoding = 4; lastKnownFileType = sourcecode.c.objc; path = "NSMutableArray+Swap.m"; sourceTree = "<group>"; };
/* End PBXFileReference section */

/* Begin PBXFrameworksBuildPhase section */
		A0DAA3921B4D758700CA748C /* Frameworks */ = {
			isa = PBXFrameworksBuildPhase;
			buildActionMask = 2147483647;
			files = (
			);
			runOnlyForDeploymentPostprocessing = 0;
		};
		A0DAA3A31B4D77EE00CA748C /* Frameworks */ = {
			isa = PBXFrameworksBuildPhase;
			buildActionMask = 2147483647;
			files = (
			);
			runOnlyForDeploymentPostprocessing = 0;
		};
/* End PBXFrameworksBuildPhase section */

/* Begin PBXGroup section */
		A026BC5A1B53CB32000364F3 /* Skyline Problem */ = {
			isa = PBXGroup;
			children = (
				A026BC5D1B53CB92000364F3 /* Building.h */,
				A026BC5E1B53CB92000364F3 /* Building.m */,
				A026BC601B53CC2D000364F3 /* SkylinePoint.h */,
				A026BC611B53CC2D000364F3 /* SkylinePoint.m */,
				A026BC631B53CCC8000364F3 /* Skyline.h */,
				A026BC641B53CCC8000364F3 /* Skyline.m */,
			);
			name = "Skyline Problem";
			sourceTree = "<group>";
		};
		A0DAA38C1B4D758700CA748C = {
			isa = PBXGroup;
			children = (
				A0DAA3971B4D758700CA748C /* Algorithms */,
				A0DAA3A71B4D77EE00CA748C /* AlgorithmsTests */,
				A0DAA3961B4D758700CA748C /* Products */,
			);
			sourceTree = "<group>";
		};
		A0DAA3961B4D758700CA748C /* Products */ = {
			isa = PBXGroup;
			children = (
				A0DAA3951B4D758700CA748C /* Algorithms */,
				A0DAA3A61B4D77EE00CA748C /* AlgorithmsTests.xctest */,
			);
			name = Products;
			sourceTree = "<group>";
		};
		A0DAA3971B4D758700CA748C /* Algorithms */ = {
			isa = PBXGroup;
			children = (
				A026BC5A1B53CB32000364F3 /* Skyline Problem */,
				A0DAA3B31B4D7ABC00CA748C /* Sort Categories */,
				A0DAA3981B4D758700CA748C /* main.m */,
				A0A345861B4FD42B006F2929 /* MathAlgorithms.h */,
				A0A345871B4FD42B006F2929 /* MathAlgorithms.m */,
				A0DAA3BA1B4D7C3000CA748C /* NSMutableArray+Swap.h */,
				A0DAA3BB1B4D7C3000CA748C /* NSMutableArray+Swap.m */,
			);
			path = Algorithms;
			sourceTree = "<group>";
		};
		A0DAA3A71B4D77EE00CA748C /* AlgorithmsTests */ = {
			isa = PBXGroup;
			children = (
				A0DAA3A81B4D77EE00CA748C /* Supporting Files */,
				A0A345891B4FD510006F2929 /* MathAlgorithmsTests.m */,
				A026BC5B1B53CB5A000364F3 /* SkylineProblemTests.m */,
				A0DAA3AA1B4D77EE00CA748C /* SortAlgorithmsTests.m */,
			);
			path = AlgorithmsTests;
			sourceTree = "<group>";
		};
		A0DAA3A81B4D77EE00CA748C /* Supporting Files */ = {
			isa = PBXGroup;
			children = (
				A0DAA3A91B4D77EE00CA748C /* Info.plist */,
			);
			name = "Supporting Files";
			sourceTree = "<group>";
		};
		A0DAA3B31B4D7ABC00CA748C /* Sort Categories */ = {
			isa = PBXGroup;
			children = (
				A0DAA3B01B4D7AB600CA748C /* NSMutableArray+BubbleSort.h */,
				A0DAA3B11B4D7AB600CA748C /* NSMutableArray+BubbleSort.m */,
				A0DAA3B41B4D7AF300CA748C /* NSMutableArray+InsertionSort.h */,
				A0DAA3B51B4D7AF300CA748C /* NSMutableArray+InsertionSort.m */,
				A0DAA3B71B4D7B2C00CA748C /* NSMutableArray+MergeSort.h */,
				A0DAA3B81B4D7B2C00CA748C /* NSMutableArray+MergeSort.m */,
				A0DAA39F1B4D75BD00CA748C /* NSMutableArray+SelectionSort.h */,
				A0DAA3A01B4D75BD00CA748C /* NSMutableArray+SelectionSort.m */,
			);
			name = "Sort Categories";
			sourceTree = "<group>";
		};
/* End PBXGroup section */

/* Begin PBXNativeTarget section */
		A0DAA3941B4D758700CA748C /* Algorithms */ = {
			isa = PBXNativeTarget;
			buildConfigurationList = A0DAA39C1B4D758700CA748C /* Build configuration list for PBXNativeTarget "Algorithms" */;
			buildPhases = (
				A0DAA3911B4D758700CA748C /* Sources */,
				A0DAA3921B4D758700CA748C /* Frameworks */,
				A0DAA3931B4D758700CA748C /* CopyFiles */,
			);
			buildRules = (
			);
			dependencies = (
			);
			name = Algorithms;
			productName = Algorithms;
			productReference = A0DAA3951B4D758700CA748C /* Algorithms */;
			productType = "com.apple.product-type.tool";
		};
		A0DAA3A51B4D77EE00CA748C /* AlgorithmsTests */ = {
			isa = PBXNativeTarget;
			buildConfigurationList = A0DAA3AC1B4D77EE00CA748C /* Build configuration list for PBXNativeTarget "AlgorithmsTests" */;
			buildPhases = (
				A0DAA3A21B4D77EE00CA748C /* Sources */,
				A0DAA3A31B4D77EE00CA748C /* Frameworks */,
				A0DAA3A41B4D77EE00CA748C /* Resources */,
			);
			buildRules = (
			);
			dependencies = (
			);
			name = AlgorithmsTests;
			productName = AlgorithmsTests;
			productReference = A0DAA3A61B4D77EE00CA748C /* AlgorithmsTests.xctest */;
			productType = "com.apple.product-type.bundle.unit-test";
		};
/* End PBXNativeTarget section */

/* Begin PBXProject section */
		A0DAA38D1B4D758700CA748C /* Project object */ = {
			isa = PBXProject;
			attributes = {
				LastUpgradeCheck = 0640;
				ORGANIZATIONNAME = "Groomsy Dev";
				TargetAttributes = {
					A0DAA3941B4D758700CA748C = {
						CreatedOnToolsVersion = 6.4;
					};
					A0DAA3A51B4D77EE00CA748C = {
						CreatedOnToolsVersion = 6.4;
					};
				};
			};
			buildConfigurationList = A0DAA3901B4D758700CA748C /* Build configuration list for PBXProject "Algorithms" */;
			compatibilityVersion = "Xcode 3.2";
			developmentRegion = English;
			hasScannedForEncodings = 0;
			knownRegions = (
				en,
			);
			mainGroup = A0DAA38C1B4D758700CA748C;
			productRefGroup = A0DAA3961B4D758700CA748C /* Products */;
			projectDirPath = "";
			projectRoot = "";
			targets = (
				A0DAA3941B4D758700CA748C /* Algorithms */,
				A0DAA3A51B4D77EE00CA748C /* AlgorithmsTests */,
			);
		};
/* End PBXProject section */

/* Begin PBXResourcesBuildPhase section */
		A0DAA3A41B4D77EE00CA748C /* Resources */ = {
			isa = PBXResourcesBuildPhase;
			buildActionMask = 2147483647;
			files = (
			);
			runOnlyForDeploymentPostprocessing = 0;
		};
/* End PBXResourcesBuildPhase section */

/* Begin PBXSourcesBuildPhase section */
		A0DAA3911B4D758700CA748C /* Sources */ = {
			isa = PBXSourcesBuildPhase;
			buildActionMask = 2147483647;
			files = (
				A0DAA3A11B4D75BD00CA748C /* NSMutableArray+SelectionSort.m in Sources */,
				A0DAA3B91B4D7B2C00CA748C /* NSMutableArray+MergeSort.m in Sources */,
				A0A345881B4FD42B006F2929 /* MathAlgorithms.m in Sources */,
				A026BC5F1B53CB92000364F3 /* Building.m in Sources */,
				A0DAA3BC1B4D7C3000CA748C /* NSMutableArray+Swap.m in Sources */,
				A0DAA3B61B4D7AF300CA748C /* NSMutableArray+InsertionSort.m in Sources */,
				A026BC621B53CC2D000364F3 /* SkylinePoint.m in Sources */,
				A0DAA3991B4D758700CA748C /* main.m in Sources */,
				A0DAA3B21B4D7AB600CA748C /* NSMutableArray+BubbleSort.m in Sources */,
				A026BC651B53CCC8000364F3 /* Skyline.m in Sources */,
			);
			runOnlyForDeploymentPostprocessing = 0;
		};
		A0DAA3A21B4D77EE00CA748C /* Sources */ = {
			isa = PBXSourcesBuildPhase;
			buildActionMask = 2147483647;
			files = (
				A026BC5C1B53CB5A000364F3 /* SkylineProblemTests.m in Sources */,
				A0DAA3C31B4D7C6200CA748C /* NSMutableArray+SelectionSort.m in Sources */,
				A0DAA3AB1B4D77EE00CA748C /* SortAlgorithmsTests.m in Sources */,
				A026BC671B542830000364F3 /* SkylinePoint.m in Sources */,
				A0DAA3C41B4D7C6500CA748C /* NSMutableArray+Swap.m in Sources */,
				A0DAA3C11B4D7C6200CA748C /* NSMutableArray+InsertionSort.m in Sources */,
				A026BC661B54282E000364F3 /* Building.m in Sources */,
				A0A3458A1B4FD510006F2929 /* MathAlgorithmsTests.m in Sources */,
				A0DAA3C21B4D7C6200CA748C /* NSMutableArray+MergeSort.m in Sources */,
				A0DAA3C01B4D7C6200CA748C /* NSMutableArray+BubbleSort.m in Sources */,
				A0A3458B1B4FD519006F2929 /* MathAlgorithms.m in Sources */,
				A026BC681B542832000364F3 /* Skyline.m in Sources */,
			);
			runOnlyForDeploymentPostprocessing = 0;
		};
/* End PBXSourcesBuildPhase section */

/* Begin XCBuildConfiguration section */
		A0DAA39A1B4D758700CA748C /* Debug */ = {
			isa = XCBuildConfiguration;
			buildSettings = {
				ALWAYS_SEARCH_USER_PATHS = NO;
				CLANG_CXX_LANGUAGE_STANDARD = "gnu++0x";
				CLANG_CXX_LIBRARY = "libc++";
				CLANG_ENABLE_MODULES = YES;
				CLANG_ENABLE_OBJC_ARC = YES;
				CLANG_WARN_BOOL_CONVERSION = YES;
				CLANG_WARN_CONSTANT_CONVERSION = YES;
				CLANG_WARN_DIRECT_OBJC_ISA_USAGE = YES_ERROR;
				CLANG_WARN_EMPTY_BODY = YES;
				CLANG_WARN_ENUM_CONVERSION = YES;
				CLANG_WARN_INT_CONVERSION = YES;
				CLANG_WARN_OBJC_ROOT_CLASS = YES_ERROR;
				CLANG_WARN_UNREACHABLE_CODE = YES;
				CLANG_WARN__DUPLICATE_METHOD_MATCH = YES;
				COPY_PHASE_STRIP = NO;
				DEBUG_INFORMATION_FORMAT = dwarf;
				ENABLE_STRICT_OBJC_MSGSEND = YES;
				GCC_C_LANGUAGE_STANDARD = gnu99;
				GCC_DYNAMIC_NO_PIC = NO;
				GCC_NO_COMMON_BLOCKS = YES;
				GCC_OPTIMIZATION_LEVEL = 0;
				GCC_PREPROCESSOR_DEFINITIONS = (
					"DEBUG=1",
					"$(inherited)",
				);
				GCC_SYMBOLS_PRIVATE_EXTERN = NO;
				GCC_WARN_64_TO_32_BIT_CONVERSION = YES;
				GCC_WARN_ABOUT_RETURN_TYPE = YES_ERROR;
				GCC_WARN_UNDECLARED_SELECTOR = YES;
				GCC_WARN_UNINITIALIZED_AUTOS = YES_AGGRESSIVE;
				GCC_WARN_UNUSED_FUNCTION = YES;
				GCC_WARN_UNUSED_VARIABLE = YES;
				MACOSX_DEPLOYMENT_TARGET = 10.10;
				MTL_ENABLE_DEBUG_INFO = YES;
				ONLY_ACTIVE_ARCH = YES;
				SDKROOT = macosx;
			};
			name = Debug;
		};
		A0DAA39B1B4D758700CA748C /* Release */ = {
			isa = XCBuildConfiguration;
			buildSettings = {
				ALWAYS_SEARCH_USER_PATHS = NO;
				CLANG_CXX_LANGUAGE_STANDARD = "gnu++0x";
				CLANG_CXX_LIBRARY = "libc++";
				CLANG_ENABLE_MODULES = YES;
				CLANG_ENABLE_OBJC_ARC = YES;
				CLANG_WARN_BOOL_CONVERSION = YES;
				CLANG_WARN_CONSTANT_CONVERSION = YES;
				CLANG_WARN_DIRECT_OBJC_ISA_USAGE = YES_ERROR;
				CLANG_WARN_EMPTY_BODY = YES;
				CLANG_WARN_ENUM_CONVERSION = YES;
				CLANG_WARN_INT_CONVERSION = YES;
				CLANG_WARN_OBJC_ROOT_CLASS = YES_ERROR;
				CLANG_WARN_UNREACHABLE_CODE = YES;
				CLANG_WARN__DUPLICATE_METHOD_MATCH = YES;
				COPY_PHASE_STRIP = NO;
				DEBUG_INFORMATION_FORMAT = "dwarf-with-dsym";
				ENABLE_NS_ASSERTIONS = NO;
				ENABLE_STRICT_OBJC_MSGSEND = YES;
				GCC_C_LANGUAGE_STANDARD = gnu99;
				GCC_NO_COMMON_BLOCKS = YES;
				GCC_WARN_64_TO_32_BIT_CONVERSION = YES;
				GCC_WARN_ABOUT_RETURN_TYPE = YES_ERROR;
				GCC_WARN_UNDECLARED_SELECTOR = YES;
				GCC_WARN_UNINITIALIZED_AUTOS = YES_AGGRESSIVE;
				GCC_WARN_UNUSED_FUNCTION = YES;
				GCC_WARN_UNUSED_VARIABLE = YES;
				MACOSX_DEPLOYMENT_TARGET = 10.10;
				MTL_ENABLE_DEBUG_INFO = NO;
				SDKROOT = macosx;
			};
			name = Release;
		};
		A0DAA39D1B4D758700CA748C /* Debug */ = {
			isa = XCBuildConfiguration;
			buildSettings = {
				PRODUCT_NAME = "$(TARGET_NAME)";
			};
			name = Debug;
		};
		A0DAA39E1B4D758700CA748C /* Release */ = {
			isa = XCBuildConfiguration;
			buildSettings = {
				PRODUCT_NAME = "$(TARGET_NAME)";
			};
			name = Release;
		};
		A0DAA3AD1B4D77EE00CA748C /* Debug */ = {
			isa = XCBuildConfiguration;
			buildSettings = {
				COMBINE_HIDPI_IMAGES = YES;
				FRAMEWORK_SEARCH_PATHS = (
					"$(DEVELOPER_FRAMEWORKS_DIR)",
					"$(inherited)",
				);
				GCC_PREPROCESSOR_DEFINITIONS = (
					"DEBUG=1",
					"$(inherited)",
				);
				INFOPLIST_FILE = AlgorithmsTests/Info.plist;
				LD_RUNPATH_SEARCH_PATHS = "$(inherited) @executable_path/../Frameworks @loader_path/../Frameworks";
				PRODUCT_NAME = "$(TARGET_NAME)";
			};
			name = Debug;
		};
		A0DAA3AE1B4D77EE00CA748C /* Release */ = {
			isa = XCBuildConfiguration;
			buildSettings = {
				COMBINE_HIDPI_IMAGES = YES;
				FRAMEWORK_SEARCH_PATHS = (
					"$(DEVELOPER_FRAMEWORKS_DIR)",
					"$(inherited)",
				);
				INFOPLIST_FILE = AlgorithmsTests/Info.plist;
				LD_RUNPATH_SEARCH_PATHS = "$(inherited) @executable_path/../Frameworks @loader_path/../Frameworks";
				PRODUCT_NAME = "$(TARGET_NAME)";
			};
			name = Release;
		};
/* End XCBuildConfiguration section */

/* Begin XCConfigurationList section */
		A0DAA3901B4D758700CA748C /* Build configuration list for PBXProject "Algorithms" */ = {
			isa = XCConfigurationList;
			buildConfigurations = (
				A0DAA39A1B4D758700CA748C /* Debug */,
				A0DAA39B1B4D758700CA748C /* Release */,
			);
			defaultConfigurationIsVisible = 0;
			defaultConfigurationName = Release;
		};
		A0DAA39C1B4D758700CA748C /* Build configuration list for PBXNativeTarget "Algorithms" */ = {
			isa = XCConfigurationList;
			buildConfigurations = (
				A0DAA39D1B4D758700CA748C /* Debug */,
				A0DAA39E1B4D758700CA748C /* Release */,
			);
			defaultConfigurationIsVisible = 0;
			defaultConfigurationName = Release;
		};
		A0DAA3AC1B4D77EE00CA748C /* Build configuration list for PBXNativeTarget "AlgorithmsTests" */ = {
			isa = XCConfigurationList;
			buildConfigurations = (
				A0DAA3AD1B4D77EE00CA748C /* Debug */,
				A0DAA3AE1B4D77EE00CA748C /* Release */,
			);
			defaultConfigurationIsVisible = 0;
			defaultConfigurationName = Release;
		};
/* End XCConfigurationList section */
	};
	rootObject = A0DAA38D1B4D758700CA748C /* Project object */;
}
